// !$*UTF8*$!
{
	archiveVersion = 1;
	classes = {
	};
	objectVersion = 77;
	objects = {

/* Begin PBXBuildFile section */
		BF2718AA2F2B74160038DDDC /* Lenna.png in Resources */ = {isa = PBXBuildFile; fileRef = BF2718A92F2B74160038DDDC /* Lenna.png */; };
		BF2718AB2F2B74160038DDDC /* Lenna.png in Resources */ = {isa = PBXBuildFile; fileRef = BF2718A92F2B74160038DDDC /* Lenna.png */; };
		BF2718AE2F2B88590038DDDC /* MTGContext+Ext.swift in Sources */ = {isa = PBXBuildFile; fileRef = BF2718AD2F2B88440038DDDC /* MTGContext+Ext.swift */; };
		BF2718AF2F2B88590038DDDC /* MTGContext+Ext.swift in Sources */ = {isa = PBXBuildFile; fileRef = BF2718AD2F2B88440038DDDC /* MTGContext+Ext.swift */; };
		BF4BF0E92F1FB93A00A822B2 /* Assets.xcassets in Resources */ = {isa = PBXBuildFile; fileRef = BF4BF0E62F1FB93A00A822B2 /* Assets.xcassets */; };
		BF4BF0FA2F20964800A822B2 /* MainView.swift in Sources */ = {isa = PBXBuildFile; fileRef = BF4BF0F92F2094A500A822B2 /* MainView.swift */; };
		BF4BF0FB2F20964800A822B2 /* MainView.swift in Sources */ = {isa = PBXBuildFile; fileRef = BF4BF0F92F2094A500A822B2 /* MainView.swift */; };
		BF4BF0FD2F20971D00A822B2 /* SaturationView.swift in Sources */ = {isa = PBXBuildFile; fileRef = BF4BF0FC2F20971D00A822B2 /* SaturationView.swift */; };
		BF4BF0FE2F20971D00A822B2 /* SaturationView.swift in Sources */ = {isa = PBXBuildFile; fileRef = BF4BF0FC2F20971D00A822B2 /* SaturationView.swift */; };
		BF4BF1042F20C01600A822B2 /* MetalGraphics in Frameworks */ = {isa = PBXBuildFile; productRef = BF4BF1032F20C01600A822B2 /* MetalGraphics */; };
		BF4BF1062F20C02C00A822B2 /* MetalGraphics in Frameworks */ = {isa = PBXBuildFile; productRef = BF4BF1052F20C02C00A822B2 /* MetalGraphics */; };
/* End PBXBuildFile section */

/* Begin PBXFileReference section */
		BF2718A92F2B74160038DDDC /* Lenna.png */ = {isa = PBXFileReference; lastKnownFileType = image.png; path = Lenna.png; sourceTree = "<group>"; };
		BF2718AD2F2B88440038DDDC /* MTGContext+Ext.swift */ = {isa = PBXFileReference; lastKnownFileType = sourcecode.swift; path = "MTGContext+Ext.swift"; sourceTree = "<group>"; };
		BF34EEB12F1F7C14006E62A0 /* CaseStudies-macOS.app */ = {isa = PBXFileReference; explicitFileType = wrapper.application; includeInIndex = 0; path = "CaseStudies-macOS.app"; sourceTree = BUILT_PRODUCTS_DIR; };
		BF4BF0BF2F1FB85200A822B2 /* CaseStudies-iOS.app */ = {isa = PBXFileReference; explicitFileType = wrapper.application; includeInIndex = 0; path = "CaseStudies-iOS.app"; sourceTree = BUILT_PRODUCTS_DIR; };
		BF4BF0E62F1FB93A00A822B2 /* Assets.xcassets */ = {isa = PBXFileReference; lastKnownFileType = folder.assetcatalog; path = Assets.xcassets; sourceTree = "<group>"; };
		BF4BF0F92F2094A500A822B2 /* MainView.swift */ = {isa = PBXFileReference; lastKnownFileType = sourcecode.swift; path = MainView.swift; sourceTree = "<group>"; };
		BF4BF0FC2F20971D00A822B2 /* SaturationView.swift */ = {isa = PBXFileReference; lastKnownFileType = sourcecode.swift; path = SaturationView.swift; sourceTree = "<group>"; };
/* End PBXFileReference section */

/* Begin PBXFileSystemSynchronizedRootGroup section */
		BF34EEB32F1F7C14006E62A0 /* CaseStudies-macOS */ = {
			isa = PBXFileSystemSynchronizedRootGroup;
			path = "CaseStudies-macOS";
			sourceTree = "<group>";
		};
		BF4BF0C02F1FB85200A822B2 /* CaseStudies-iOS */ = {
			isa = PBXFileSystemSynchronizedRootGroup;
			path = "CaseStudies-iOS";
			sourceTree = "<group>";
		};
/* End PBXFileSystemSynchronizedRootGroup section */

/* Begin PBXFrameworksBuildPhase section */
		BF34EEAE2F1F7C14006E62A0 /* Frameworks */ = {
			isa = PBXFrameworksBuildPhase;
			buildActionMask = 2147483647;
			files = (
				BF4BF1042F20C01600A822B2 /* MetalGraphics in Frameworks */,
			);
			runOnlyForDeploymentPostprocessing = 0;
		};
		BF4BF0BC2F1FB85200A822B2 /* Frameworks */ = {
			isa = PBXFrameworksBuildPhase;
			buildActionMask = 2147483647;
			files = (
				BF4BF1062F20C02C00A822B2 /* MetalGraphics in Frameworks */,
			);
			runOnlyForDeploymentPostprocessing = 0;
		};
/* End PBXFrameworksBuildPhase section */

/* Begin PBXGroup section */
		BF2718A82F2B73E90038DDDC /* Resources */ = {
			isa = PBXGroup;
			children = (
				BF2718A92F2B74160038DDDC /* Lenna.png */,
				BF4BF0E62F1FB93A00A822B2 /* Assets.xcassets */,
			);
			path = Resources;
			sourceTree = "<group>";
		};
		BF2718AC2F2B88300038DDDC /* Extentions */ = {
			isa = PBXGroup;
			children = (
				BF2718AD2F2B88440038DDDC /* MTGContext+Ext.swift */,
			);
			path = Extentions;
			sourceTree = "<group>";
		};
		BF34EEA82F1F7C14006E62A0 = {
			isa = PBXGroup;
			children = (
				BF4BF0F82F20945400A822B2 /* App */,
				BF4BF0C02F1FB85200A822B2 /* CaseStudies-iOS */,
				BF34EEB32F1F7C14006E62A0 /* CaseStudies-macOS */,
				BF4BF1022F20C01600A822B2 /* Frameworks */,
				BF34EEB22F1F7C14006E62A0 /* Products */,
			);
			sourceTree = "<group>";
		};
		BF34EEB22F1F7C14006E62A0 /* Products */ = {
			isa = PBXGroup;
			children = (
				BF34EEB12F1F7C14006E62A0 /* CaseStudies-macOS.app */,
				BF4BF0BF2F1FB85200A822B2 /* CaseStudies-iOS.app */,
			);
			name = Products;
			sourceTree = "<group>";
		};
		BF4BF0F82F20945400A822B2 /* App */ = {
			isa = PBXGroup;
			children = (
				BF2718AC2F2B88300038DDDC /* Extentions */,
				BF2718A82F2B73E90038DDDC /* Resources */,
				BF4BF0F92F2094A500A822B2 /* MainView.swift */,
				BF4BF0FC2F20971D00A822B2 /* SaturationView.swift */,
			);
			path = App;
			sourceTree = "<group>";
		};
		BF4BF1022F20C01600A822B2 /* Frameworks */ = {
			isa = PBXGroup;
			children = (
			);
			name = Frameworks;
			sourceTree = "<group>";
		};
/* End PBXGroup section */

/* Begin PBXNativeTarget section */
		BF34EEB02F1F7C14006E62A0 /* CaseStudies-macOS */ = {
			isa = PBXNativeTarget;
			buildConfigurationList = BF34EED22F1F7C17006E62A0 /* Build configuration list for PBXNativeTarget "CaseStudies-macOS" */;
			buildPhases = (
				BF34EEAD2F1F7C14006E62A0 /* Sources */,
				BF34EEAE2F1F7C14006E62A0 /* Frameworks */,
				BF34EEAF2F1F7C14006E62A0 /* Resources */,
			);
			buildRules = (
			);
			dependencies = (
			);
			fileSystemSynchronizedGroups = (
				BF34EEB32F1F7C14006E62A0 /* CaseStudies-macOS */,
			);
			name = "CaseStudies-macOS";
			packageProductDependencies = (
				BF4BF1032F20C01600A822B2 /* MetalGraphics */,
			);
			productName = CaseStudies;
			productReference = BF34EEB12F1F7C14006E62A0 /* CaseStudies-macOS.app */;
			productType = "com.apple.product-type.application";
		};
		BF4BF0BE2F1FB85200A822B2 /* CaseStudies-iOS */ = {
			isa = PBXNativeTarget;
			buildConfigurationList = BF4BF0E32F1FB85400A822B2 /* Build configuration list for PBXNativeTarget "CaseStudies-iOS" */;
			buildPhases = (
				BF4BF0BB2F1FB85200A822B2 /* Sources */,
				BF4BF0BC2F1FB85200A822B2 /* Frameworks */,
				BF4BF0BD2F1FB85200A822B2 /* Resources */,
			);
			buildRules = (
			);
			dependencies = (
			);
			fileSystemSynchronizedGroups = (
				BF4BF0C02F1FB85200A822B2 /* CaseStudies-iOS */,
			);
			name = "CaseStudies-iOS";
			packageProductDependencies = (
				BF4BF1052F20C02C00A822B2 /* MetalGraphics */,
			);
			productName = "CaseStudies-iOS";
			productReference = BF4BF0BF2F1FB85200A822B2 /* CaseStudies-iOS.app */;
			productType = "com.apple.product-type.application";
		};
/* End PBXNativeTarget section */

/* Begin PBXProject section */
		BF34EEA92F1F7C14006E62A0 /* Project object */ = {
			isa = PBXProject;
			attributes = {
				BuildIndependentTargetsInParallel = 1;
				LastSwiftUpdateCheck = 2620;
				LastUpgradeCheck = 2620;
				TargetAttributes = {
					BF34EEB02F1F7C14006E62A0 = {
						CreatedOnToolsVersion = 26.2;
					};
					BF4BF0BE2F1FB85200A822B2 = {
						CreatedOnToolsVersion = 26.2;
					};
				};
			};
			buildConfigurationList = BF34EEAC2F1F7C14006E62A0 /* Build configuration list for PBXProject "CaseStudies" */;
			developmentRegion = en;
			hasScannedForEncodings = 0;
			knownRegions = (
				en,
				Base,
			);
			mainGroup = BF34EEA82F1F7C14006E62A0;
			minimizedProjectReferenceProxies = 1;
			packageReferences = (
				BF4BF0A22F1FB1C000A822B2 /* XCLocalSwiftPackageReference "../../../swift-metal-graphics" */,
			);
			preferredProjectObjectVersion = 77;
			productRefGroup = BF34EEB22F1F7C14006E62A0 /* Products */;
			projectDirPath = "";
			projectRoot = "";
			targets = (
				BF4BF0BE2F1FB85200A822B2 /* CaseStudies-iOS */,
				BF34EEB02F1F7C14006E62A0 /* CaseStudies-macOS */,
			);
		};
/* End PBXProject section */

/* Begin PBXResourcesBuildPhase section */
		BF34EEAF2F1F7C14006E62A0 /* Resources */ = {
			isa = PBXResourcesBuildPhase;
			buildActionMask = 2147483647;
			files = (
				BF2718AB2F2B74160038DDDC /* Lenna.png in Resources */,
				BF4BF0E92F1FB93A00A822B2 /* Assets.xcassets in Resources */,
			);
			runOnlyForDeploymentPostprocessing = 0;
		};
		BF4BF0BD2F1FB85200A822B2 /* Resources */ = {
			isa = PBXResourcesBuildPhase;
			buildActionMask = 2147483647;
			files = (
				BF2718AA2F2B74160038DDDC /* Lenna.png in Resources */,
			);
			runOnlyForDeploymentPostprocessing = 0;
		};
/* End PBXResourcesBuildPhase section */

/* Begin PBXSourcesBuildPhase section */
		BF34EEAD2F1F7C14006E62A0 /* Sources */ = {
			isa = PBXSourcesBuildPhase;
			buildActionMask = 2147483647;
			files = (
				BF2718AF2F2B88590038DDDC /* MTGContext+Ext.swift in Sources */,
				BF4BF0FE2F20971D00A822B2 /* SaturationView.swift in Sources */,
				BF4BF0FB2F20964800A822B2 /* MainView.swift in Sources */,
			);
			runOnlyForDeploymentPostprocessing = 0;
		};
		BF4BF0BB2F1FB85200A822B2 /* Sources */ = {
			isa = PBXSourcesBuildPhase;
			buildActionMask = 2147483647;
			files = (
				BF2718AE2F2B88590038DDDC /* MTGContext+Ext.swift in Sources */,
				BF4BF0FD2F20971D00A822B2 /* SaturationView.swift in Sources */,
				BF4BF0FA2F20964800A822B2 /* MainView.swift in Sources */,
			);
			runOnlyForDeploymentPostprocessing = 0;
		};
/* End PBXSourcesBuildPhase section */

/* Begin XCBuildConfiguration section */
		BF34EED02F1F7C17006E62A0 /* Debug */ = {
			isa = XCBuildConfiguration;
			buildSettings = {
				ALWAYS_SEARCH_USER_PATHS = NO;
				ASSETCATALOG_COMPILER_GENERATE_SWIFT_ASSET_SYMBOL_EXTENSIONS = YES;
				CLANG_ANALYZER_NONNULL = YES;
				CLANG_ANALYZER_NUMBER_OBJECT_CONVERSION = YES_AGGRESSIVE;
				CLANG_CXX_LANGUAGE_STANDARD = "gnu++20";
				CLANG_ENABLE_MODULES = YES;
				CLANG_ENABLE_OBJC_ARC = YES;
				CLANG_ENABLE_OBJC_WEAK = YES;
				CLANG_WARN_BLOCK_CAPTURE_AUTORELEASING = YES;
				CLANG_WARN_BOOL_CONVERSION = YES;
				CLANG_WARN_COMMA = YES;
				CLANG_WARN_CONSTANT_CONVERSION = YES;
				CLANG_WARN_DEPRECATED_OBJC_IMPLEMENTATIONS = YES;
				CLANG_WARN_DIRECT_OBJC_ISA_USAGE = YES_ERROR;
				CLANG_WARN_DOCUMENTATION_COMMENTS = YES;
				CLANG_WARN_EMPTY_BODY = YES;
				CLANG_WARN_ENUM_CONVERSION = YES;
				CLANG_WARN_INFINITE_RECURSION = YES;
				CLANG_WARN_INT_CONVERSION = YES;
				CLANG_WARN_NON_LITERAL_NULL_CONVERSION = YES;
				CLANG_WARN_OBJC_IMPLICIT_RETAIN_SELF = YES;
				CLANG_WARN_OBJC_LITERAL_CONVERSION = YES;
				CLANG_WARN_OBJC_ROOT_CLASS = YES_ERROR;
				CLANG_WARN_QUOTED_INCLUDE_IN_FRAMEWORK_HEADER = YES;
				CLANG_WARN_RANGE_LOOP_ANALYSIS = YES;
				CLANG_WARN_STRICT_PROTOTYPES = YES;
				CLANG_WARN_SUSPICIOUS_MOVE = YES;
				CLANG_WARN_UNGUARDED_AVAILABILITY = YES_AGGRESSIVE;
				CLANG_WARN_UNREACHABLE_CODE = YES;
				CLANG_WARN__DUPLICATE_METHOD_MATCH = YES;
				COPY_PHASE_STRIP = NO;
				DEBUG_INFORMATION_FORMAT = dwarf;
				DEVELOPMENT_TEAM = 5NJ6RQ9QCA;
				ENABLE_STRICT_OBJC_MSGSEND = YES;
				ENABLE_TESTABILITY = YES;
				ENABLE_USER_SCRIPT_SANDBOXING = YES;
				GCC_C_LANGUAGE_STANDARD = gnu17;
				GCC_DYNAMIC_NO_PIC = NO;
				GCC_NO_COMMON_BLOCKS = YES;
				GCC_OPTIMIZATION_LEVEL = 0;
				GCC_PREPROCESSOR_DEFINITIONS = (
					"DEBUG=1",
					"$(inherited)",
				);
				GCC_WARN_64_TO_32_BIT_CONVERSION = YES;
				GCC_WARN_ABOUT_RETURN_TYPE = YES_ERROR;
				GCC_WARN_UNDECLARED_SELECTOR = YES;
				GCC_WARN_UNINITIALIZED_AUTOS = YES_AGGRESSIVE;
				GCC_WARN_UNUSED_FUNCTION = YES;
				GCC_WARN_UNUSED_VARIABLE = YES;
				LOCALIZATION_PREFERS_STRING_CATALOGS = YES;
				MACOSX_DEPLOYMENT_TARGET = 26.2;
				MTL_ENABLE_DEBUG_INFO = INCLUDE_SOURCE;
				MTL_FAST_MATH = YES;
				ONLY_ACTIVE_ARCH = YES;
				SDKROOT = macosx;
				SWIFT_ACTIVE_COMPILATION_CONDITIONS = "DEBUG $(inherited)";
				SWIFT_OPTIMIZATION_LEVEL = "-Onone";
			};
			name = Debug;
		};
		BF34EED12F1F7C17006E62A0 /* Release */ = {
			isa = XCBuildConfiguration;
			buildSettings = {
				ALWAYS_SEARCH_USER_PATHS = NO;
				ASSETCATALOG_COMPILER_GENERATE_SWIFT_ASSET_SYMBOL_EXTENSIONS = YES;
				CLANG_ANALYZER_NONNULL = YES;
				CLANG_ANALYZER_NUMBER_OBJECT_CONVERSION = YES_AGGRESSIVE;
				CLANG_CXX_LANGUAGE_STANDARD = "gnu++20";
				CLANG_ENABLE_MODULES = YES;
				CLANG_ENABLE_OBJC_ARC = YES;
				CLANG_ENABLE_OBJC_WEAK = YES;
				CLANG_WARN_BLOCK_CAPTURE_AUTORELEASING = YES;
				CLANG_WARN_BOOL_CONVERSION = YES;
				CLANG_WARN_COMMA = YES;
				CLANG_WARN_CONSTANT_CONVERSION = YES;
				CLANG_WARN_DEPRECATED_OBJC_IMPLEMENTATIONS = YES;
				CLANG_WARN_DIRECT_OBJC_ISA_USAGE = YES_ERROR;
				CLANG_WARN_DOCUMENTATION_COMMENTS = YES;
				CLANG_WARN_EMPTY_BODY = YES;
				CLANG_WARN_ENUM_CONVERSION = YES;
				CLANG_WARN_INFINITE_RECURSION = YES;
				CLANG_WARN_INT_CONVERSION = YES;
				CLANG_WARN_NON_LITERAL_NULL_CONVERSION = YES;
				CLANG_WARN_OBJC_IMPLICIT_RETAIN_SELF = YES;
				CLANG_WARN_OBJC_LITERAL_CONVERSION = YES;
				CLANG_WARN_OBJC_ROOT_CLASS = YES_ERROR;
				CLANG_WARN_QUOTED_INCLUDE_IN_FRAMEWORK_HEADER = YES;
				CLANG_WARN_RANGE_LOOP_ANALYSIS = YES;
				CLANG_WARN_STRICT_PROTOTYPES = YES;
				CLANG_WARN_SUSPICIOUS_MOVE = YES;
				CLANG_WARN_UNGUARDED_AVAILABILITY = YES_AGGRESSIVE;
				CLANG_WARN_UNREACHABLE_CODE = YES;
				CLANG_WARN__DUPLICATE_METHOD_MATCH = YES;
				COPY_PHASE_STRIP = NO;
				DEBUG_INFORMATION_FORMAT = "dwarf-with-dsym";
				DEVELOPMENT_TEAM = 5NJ6RQ9QCA;
				ENABLE_NS_ASSERTIONS = NO;
				ENABLE_STRICT_OBJC_MSGSEND = YES;
				ENABLE_USER_SCRIPT_SANDBOXING = YES;
				GCC_C_LANGUAGE_STANDARD = gnu17;
				GCC_NO_COMMON_BLOCKS = YES;
				GCC_WARN_64_TO_32_BIT_CONVERSION = YES;
				GCC_WARN_ABOUT_RETURN_TYPE = YES_ERROR;
				GCC_WARN_UNDECLARED_SELECTOR = YES;
				GCC_WARN_UNINITIALIZED_AUTOS = YES_AGGRESSIVE;
				GCC_WARN_UNUSED_FUNCTION = YES;
				GCC_WARN_UNUSED_VARIABLE = YES;
				LOCALIZATION_PREFERS_STRING_CATALOGS = YES;
				MACOSX_DEPLOYMENT_TARGET = 26.2;
				MTL_ENABLE_DEBUG_INFO = NO;
				MTL_FAST_MATH = YES;
				SDKROOT = macosx;
				SWIFT_COMPILATION_MODE = wholemodule;
			};
			name = Release;
		};
		BF34EED32F1F7C17006E62A0 /* Debug */ = {
			isa = XCBuildConfiguration;
			buildSettings = {
				ASSETCATALOG_COMPILER_APPICON_NAME = AppIcon;
				ASSETCATALOG_COMPILER_GLOBAL_ACCENT_COLOR_NAME = AccentColor;
				CODE_SIGN_STYLE = Automatic;
				COMBINE_HIDPI_IMAGES = YES;
				CURRENT_PROJECT_VERSION = 1;
				DEVELOPMENT_TEAM = 5NJ6RQ9QCA;
				ENABLE_APP_SANDBOX = YES;
				ENABLE_HARDENED_RUNTIME = YES;
				ENABLE_PREVIEWS = YES;
				ENABLE_USER_SELECTED_FILES = readonly;
				GENERATE_INFOPLIST_FILE = YES;
				INFOPLIST_KEY_NSHumanReadableCopyright = "";
				LD_RUNPATH_SEARCH_PATHS = (
					"$(inherited)",
					"@executable_path/../Frameworks",
				);
				MARKETING_VERSION = 1.0;
				PRODUCT_BUNDLE_IDENTIFIER = com.kartoffelsoft.CaseStudies;
				PRODUCT_NAME = "$(TARGET_NAME)";
				REGISTER_APP_GROUPS = YES;
				STRING_CATALOG_GENERATE_SYMBOLS = YES;
				SWIFT_APPROACHABLE_CONCURRENCY = YES;
				SWIFT_DEFAULT_ACTOR_ISOLATION = MainActor;
				SWIFT_EMIT_LOC_STRINGS = YES;
				SWIFT_UPCOMING_FEATURE_MEMBER_IMPORT_VISIBILITY = YES;
				SWIFT_VERSION = 5.0;
			};
			name = Debug;
		};
		BF34EED42F1F7C17006E62A0 /* Release */ = {
			isa = XCBuildConfiguration;
			buildSettings = {
				ASSETCATALOG_COMPILER_APPICON_NAME = AppIcon;
				ASSETCATALOG_COMPILER_GLOBAL_ACCENT_COLOR_NAME = AccentColor;
				CODE_SIGN_STYLE = Automatic;
				COMBINE_HIDPI_IMAGES = YES;
				CURRENT_PROJECT_VERSION = 1;
				DEVELOPMENT_TEAM = 5NJ6RQ9QCA;
				ENABLE_APP_SANDBOX = YES;
				ENABLE_HARDENED_RUNTIME = YES;
				ENABLE_PREVIEWS = YES;
				ENABLE_USER_SELECTED_FILES = readonly;
				GENERATE_INFOPLIST_FILE = YES;
				INFOPLIST_KEY_NSHumanReadableCopyright = "";
				LD_RUNPATH_SEARCH_PATHS = (
					"$(inherited)",
					"@executable_path/../Frameworks",
				);
				MARKETING_VERSION = 1.0;
				PRODUCT_BUNDLE_IDENTIFIER = com.kartoffelsoft.CaseStudies;
				PRODUCT_NAME = "$(TARGET_NAME)";
				REGISTER_APP_GROUPS = YES;
				STRING_CATALOG_GENERATE_SYMBOLS = YES;
				SWIFT_APPROACHABLE_CONCURRENCY = YES;
				SWIFT_DEFAULT_ACTOR_ISOLATION = MainActor;
				SWIFT_EMIT_LOC_STRINGS = YES;
				SWIFT_UPCOMING_FEATURE_MEMBER_IMPORT_VISIBILITY = YES;
				SWIFT_VERSION = 5.0;
			};
			name = Release;
		};
		BF4BF0DD2F1FB85400A822B2 /* Debug */ = {
			isa = XCBuildConfiguration;
			buildSettings = {
				ASSETCATALOG_COMPILER_APPICON_NAME = AppIcon;
				ASSETCATALOG_COMPILER_GLOBAL_ACCENT_COLOR_NAME = AccentColor;
				CODE_SIGN_STYLE = Automatic;
				CURRENT_PROJECT_VERSION = 1;
				DEVELOPMENT_TEAM = 5NJ6RQ9QCA;
				ENABLE_PREVIEWS = YES;
				GENERATE_INFOPLIST_FILE = YES;
				INFOPLIST_KEY_UIApplicationSceneManifest_Generation = YES;
				INFOPLIST_KEY_UIApplicationSupportsIndirectInputEvents = YES;
				INFOPLIST_KEY_UILaunchScreen_Generation = YES;
				INFOPLIST_KEY_UISupportedInterfaceOrientations_iPad = "UIInterfaceOrientationPortrait UIInterfaceOrientationPortraitUpsideDown UIInterfaceOrientationLandscapeLeft UIInterfaceOrientationLandscapeRight";
				INFOPLIST_KEY_UISupportedInterfaceOrientations_iPhone = "UIInterfaceOrientationPortrait UIInterfaceOrientationLandscapeLeft UIInterfaceOrientationLandscapeRight";
				IPHONEOS_DEPLOYMENT_TARGET = 26.2;
				LD_RUNPATH_SEARCH_PATHS = (
					"$(inherited)",
					"@executable_path/Frameworks",
				);
				MARKETING_VERSION = 1.0;
				PRODUCT_BUNDLE_IDENTIFIER = "com.kartoffelsoft.CaseStudies-iOS";
				PRODUCT_NAME = "$(TARGET_NAME)";
				SDKROOT = iphoneos;
				STRING_CATALOG_GENERATE_SYMBOLS = YES;
				SWIFT_APPROACHABLE_CONCURRENCY = YES;
				SWIFT_DEFAULT_ACTOR_ISOLATION = MainActor;
				SWIFT_EMIT_LOC_STRINGS = YES;
				SWIFT_UPCOMING_FEATURE_MEMBER_IMPORT_VISIBILITY = YES;
				SWIFT_VERSION = 5.0;
				TARGETED_DEVICE_FAMILY = "1,2";
			};
			name = Debug;
		};
		BF4BF0DE2F1FB85400A822B2 /* Release */ = {
			isa = XCBuildConfiguration;
			buildSettings = {
				ASSETCATALOG_COMPILER_APPICON_NAME = AppIcon;
				ASSETCATALOG_COMPILER_GLOBAL_ACCENT_COLOR_NAME = AccentColor;
				CODE_SIGN_STYLE = Automatic;
				CURRENT_PROJECT_VERSION = 1;
				DEVELOPMENT_TEAM = 5NJ6RQ9QCA;
				ENABLE_PREVIEWS = YES;
				GENERATE_INFOPLIST_FILE = YES;
				INFOPLIST_KEY_UIApplicationSceneManifest_Generation = YES;
				INFOPLIST_KEY_UIApplicationSupportsIndirectInputEvents = YES;
				INFOPLIST_KEY_UILaunchScreen_Generation = YES;
				INFOPLIST_KEY_UISupportedInterfaceOrientations_iPad = "UIInterfaceOrientationPortrait UIInterfaceOrientationPortraitUpsideDown UIInterfaceOrientationLandscapeLeft UIInterfaceOrientationLandscapeRight";
				INFOPLIST_KEY_UISupportedInterfaceOrientations_iPhone = "UIInterfaceOrientationPortrait UIInterfaceOrientationLandscapeLeft UIInterfaceOrientationLandscapeRight";
				IPHONEOS_DEPLOYMENT_TARGET = 26.2;
				LD_RUNPATH_SEARCH_PATHS = (
					"$(inherited)",
					"@executable_path/Frameworks",
				);
				MARKETING_VERSION = 1.0;
				PRODUCT_BUNDLE_IDENTIFIER = "com.kartoffelsoft.CaseStudies-iOS";
				PRODUCT_NAME = "$(TARGET_NAME)";
				SDKROOT = iphoneos;
				STRING_CATALOG_GENERATE_SYMBOLS = YES;
				SWIFT_APPROACHABLE_CONCURRENCY = YES;
				SWIFT_DEFAULT_ACTOR_ISOLATION = MainActor;
				SWIFT_EMIT_LOC_STRINGS = YES;
				SWIFT_UPCOMING_FEATURE_MEMBER_IMPORT_VISIBILITY = YES;
				SWIFT_VERSION = 5.0;
				TARGETED_DEVICE_FAMILY = "1,2";
				VALIDATE_PRODUCT = YES;
			};
			name = Release;
		};
/* End XCBuildConfiguration section */

/* Begin XCConfigurationList section */
		BF34EEAC2F1F7C14006E62A0 /* Build configuration list for PBXProject "CaseStudies" */ = {
			isa = XCConfigurationList;
			buildConfigurations = (
				BF34EED02F1F7C17006E62A0 /* Debug */,
				BF34EED12F1F7C17006E62A0 /* Release */,
			);
			defaultConfigurationIsVisible = 0;
			defaultConfigurationName = Release;
		};
		BF34EED22F1F7C17006E62A0 /* Build configuration list for PBXNativeTarget "CaseStudies-macOS" */ = {
			isa = XCConfigurationList;
			buildConfigurations = (
				BF34EED32F1F7C17006E62A0 /* Debug */,
				BF34EED42F1F7C17006E62A0 /* Release */,
			);
			defaultConfigurationIsVisible = 0;
			defaultConfigurationName = Release;
		};
		BF4BF0E32F1FB85400A822B2 /* Build configuration list for PBXNativeTarget "CaseStudies-iOS" */ = {
			isa = XCConfigurationList;
			buildConfigurations = (
				BF4BF0DD2F1FB85400A822B2 /* Debug */,
				BF4BF0DE2F1FB85400A822B2 /* Release */,
			);
			defaultConfigurationIsVisible = 0;
			defaultConfigurationName = Release;
		};
/* End XCConfigurationList section */

/* Begin XCLocalSwiftPackageReference section */
		BF4BF0A22F1FB1C000A822B2 /* XCLocalSwiftPackageReference "../../../swift-metal-graphics" */ = {
			isa = XCLocalSwiftPackageReference;
			relativePath = "../../../swift-metal-graphics";
		};
/* End XCLocalSwiftPackageReference section */

/* Begin XCSwiftPackageProductDependency section */
		BF4BF1032F20C01600A822B2 /* MetalGraphics */ = {
			isa = XCSwiftPackageProductDependency;
			package = BF4BF0A22F1FB1C000A822B2 /* XCLocalSwiftPackageReference "../../../swift-metal-graphics" */;
			productName = MetalGraphics;
		};
		BF4BF1052F20C02C00A822B2 /* MetalGraphics */ = {
			isa = XCSwiftPackageProductDependency;
			package = BF4BF0A22F1FB1C000A822B2 /* XCLocalSwiftPackageReference "../../../swift-metal-graphics" */;
			productName = MetalGraphics;
		};
/* End XCSwiftPackageProductDependency section */
	};
	rootObject = BF34EEA92F1F7C14006E62A0 /* Project object */;
}
